
Microsoft Visual Studio Solution File, Format Version 12.00
# Visual Studio Version 17
VisualStudioVersion = 17.0.31903.59
MinimumVisualStudioVersion = 10.0.40219.1
Project("{FAE04EC0-301F-11D3-BF4B-00C04F79EFBC}") = "AcxiomCRM.Web", "AcxiomCRM.Web\AcxiomCRM.Web.csproj", "{14DAFA49-E569-4F22-9329-FF575341BEDA}"
EndProject
Project("{FAE04EC0-301F-11D3-BF4B-00C04F79EFBC}") = "AcxiomCRM.Tests", "AcxiomCRM.Tests\AcxiomCRM.Tests.csproj", "{D9B516BE-399B-4F49-9484-EB1C1429C8D6}"
EndProject
Global
	GlobalSection(SolutionConfigurationPlatforms) = preSolution
		Debug|Any CPU = Debug|Any CPU
		Release|Any CPU = Release|Any CPU
	EndGlobalSection
	GlobalSection(SolutionProperties) = preSolution
		HideSolutionNode = FALSE
	EndGlobalSection
	GlobalSection(ProjectConfigurationPlatforms) = postSolution
		{14DAFA49-E569-4F22-9329-FF575341BEDA}.Debug|Any CPU.ActiveCfg = Debug|Any CPU
		{14DAFA49-E569-4F22-9329-FF575341BEDA}.Debug|Any CPU.Build.0 = Debug|Any CPU
		{14DAFA49-E569-4F22-9329-FF575341BEDA}.Release|Any CPU.ActiveCfg = Release|Any CPU
		{14DAFA49-E569-4F22-9329-FF575341BEDA}.Release|Any CPU.Build.0 = Release|Any CPU
		{D9B516BE-399B-4F49-9484-EB1C1429C8D6}.Debug|Any CPU.ActiveCfg = Debug|Any CPU
		{D9B516BE-399B-4F49-9484-EB1C1429C8D6}.Debug|Any CPU.Build.0 = Debug|Any CPU
		{D9B516BE-399B-4F49-9484-EB1C1429C8D6}.Release|Any CPU.ActiveCfg = Release|Any CPU
		{D9B516BE-399B-4F49-9484-EB1C1429C8D6}.Release|Any CPU.Build.0 = Release|Any CPU
	EndGlobalSection
EndGlobal
